
Microsoft Visual Studio Solution File, Format Version 12.00
# Visual Studio Version 16
VisualStudioVersion = 16.0.31205.134
MinimumVisualStudioVersion = 10.0.40219.1
Project("{FAE04EC0-301F-11D3-BF4B-00C04F79EFBC}") = "DevIO.AppMVC5", "src\DevIO.AppMVC5\DevIO.AppMVC5.csproj", "{6FF0E21B-532F-46EB-B473-09A9F0254B05}"
EndProject
Project("{FAE04EC0-301F-11D3-BF4B-00C04F79EFBC}") = "DevIO.Business", "src\DevIO.Business\DevIO.Business.csproj", "{37890D91-CD1C-4CB9-8BDC-1F08FFA63E1D}"
EndProject
Project("{FAE04EC0-301F-11D3-BF4B-00C04F79EFBC}") = "DevIO.Infra", "src\DevIO.Infra\DevIO.Infra.csproj", "{37551C12-2065-48FA-9FDA-A809C0C46F61}"
EndProject
Global
	GlobalSection(SolutionConfigurationPlatforms) = preSolution
		Debug|Any CPU = Debug|Any CPU
		Release|Any CPU = Release|Any CPU
	EndGlobalSection
	GlobalSection(ProjectConfigurationPlatforms) = postSolution
		{6FF0E21B-532F-46EB-B473-09A9F0254B05}.Debug|Any CPU.ActiveCfg = Debug|Any CPU
		{6FF0E21B-532F-46EB-B473-09A9F0254B05}.Debug|Any CPU.Build.0 = Debug|Any CPU
		{6FF0E21B-532F-46EB-B473-09A9F0254B05}.Release|Any CPU.ActiveCfg = Release|Any CPU
		{6FF0E21B-532F-46EB-B473-09A9F0254B05}.Release|Any CPU.Build.0 = Release|Any CPU
		{37890D91-CD1C-4CB9-8BDC-1F08FFA63E1D}.Debug|Any CPU.ActiveCfg = Debug|Any CPU
		{37890D91-CD1C-4CB9-8BDC-1F08FFA63E1D}.Debug|Any CPU.Build.0 = Debug|Any CPU
		{37890D91-CD1C-4CB9-8BDC-1F08FFA63E1D}.Release|Any CPU.ActiveCfg = Release|Any CPU
		{37890D91-CD1C-4CB9-8BDC-1F08FFA63E1D}.Release|Any CPU.Build.0 = Release|Any CPU
		{37551C12-2065-48FA-9FDA-A809C0C46F61}.Debug|Any CPU.ActiveCfg = Debug|Any CPU
		{37551C12-2065-48FA-9FDA-A809C0C46F61}.Debug|Any CPU.Build.0 = Debug|Any CPU
		{37551C12-2065-48FA-9FDA-A809C0C46F61}.Release|Any CPU.ActiveCfg = Release|Any CPU
		{37551C12-2065-48FA-9FDA-A809C0C46F61}.Release|Any CPU.Build.0 = Release|Any CPU
	EndGlobalSection
	GlobalSection(SolutionProperties) = preSolution
		HideSolutionNode = FALSE
	EndGlobalSection
	GlobalSection(ExtensibilityGlobals) = postSolution
		SolutionGuid = {11CF52DA-0A6F-4E24-8E4D-B89F857B5B85}
	EndGlobalSection
EndGlobal
